
Microsoft Visual Studio Solution File, Format Version 12.00
# Visual Studio Version 17
VisualStudioVersion = 17.5.002.0
MinimumVisualStudioVersion = 10.0.40219.1
Project("{9A19103F-16F7-4668-BE54-9A1E7A4F7556}") = "Minimal.Api", "Minimal.Api\Minimal.Api.csproj", "{C2D9890F-7909-4A77-805A-00DEC4CFC038}"
EndProject
Project("{9A19103F-16F7-4668-BE54-9A1E7A4F7556}") = "Minimal.DataAccess", "Minimal.DataAccess\Minimal.DataAccess.csproj", "{5E121BD1-97EE-440B-8C77-FFF3011F389D}"
EndProject
Project("{9A19103F-16F7-4668-BE54-9A1E7A4F7556}") = "Minimal.Domain", "Minimal.Domain\Minimal.Domain.csproj", "{946DAD25-09CC-407B-932B-C26017662865}"
EndProject
Project("{9A19103F-16F7-4668-BE54-9A1E7A4F7556}") = "Minimal.IntegrationTest", "Minimal.IntegrationTest\Minimal.IntegrationTest.csproj", "{A5787A03-A7F5-4691-8E4B-2AD40DB3BEBA}"
EndProject
Global
	GlobalSection(SolutionConfigurationPlatforms) = preSolution
		Debug|Any CPU = Debug|Any CPU
		Release|Any CPU = Release|Any CPU
	EndGlobalSection
	GlobalSection(ProjectConfigurationPlatforms) = postSolution
		{C2D9890F-7909-4A77-805A-00DEC4CFC038}.Debug|Any CPU.ActiveCfg = Debug|Any CPU
		{C2D9890F-7909-4A77-805A-00DEC4CFC038}.Debug|Any CPU.Build.0 = Debug|Any CPU
		{C2D9890F-7909-4A77-805A-00DEC4CFC038}.Release|Any CPU.ActiveCfg = Release|Any CPU
		{C2D9890F-7909-4A77-805A-00DEC4CFC038}.Release|Any CPU.Build.0 = Release|Any CPU
		{5E121BD1-97EE-440B-8C77-FFF3011F389D}.Debug|Any CPU.ActiveCfg = Debug|Any CPU
		{5E121BD1-97EE-440B-8C77-FFF3011F389D}.Debug|Any CPU.Build.0 = Debug|Any CPU
		{5E121BD1-97EE-440B-8C77-FFF3011F389D}.Release|Any CPU.ActiveCfg = Release|Any CPU
		{5E121BD1-97EE-440B-8C77-FFF3011F389D}.Release|Any CPU.Build.0 = Release|Any CPU
		{946DAD25-09CC-407B-932B-C26017662865}.Debug|Any CPU.ActiveCfg = Debug|Any CPU
		{946DAD25-09CC-407B-932B-C26017662865}.Debug|Any CPU.Build.0 = Debug|Any CPU
		{946DAD25-09CC-407B-932B-C26017662865}.Release|Any CPU.ActiveCfg = Release|Any CPU
		{946DAD25-09CC-407B-932B-C26017662865}.Release|Any CPU.Build.0 = Release|Any CPU
		{A5787A03-A7F5-4691-8E4B-2AD40DB3BEBA}.Debug|Any CPU.ActiveCfg = Debug|Any CPU
		{A5787A03-A7F5-4691-8E4B-2AD40DB3BEBA}.Debug|Any CPU.Build.0 = Debug|Any CPU
		{A5787A03-A7F5-4691-8E4B-2AD40DB3BEBA}.Release|Any CPU.ActiveCfg = Release|Any CPU
		{A5787A03-A7F5-4691-8E4B-2AD40DB3BEBA}.Release|Any CPU.Build.0 = Release|Any CPU
	EndGlobalSection
	GlobalSection(SolutionProperties) = preSolution
		HideSolutionNode = FALSE
	EndGlobalSection
	GlobalSection(ExtensibilityGlobals) = postSolution
		SolutionGuid = {FF806B55-6BFF-457A-8D35-791F37F5F674}
	EndGlobalSection
EndGlobal
